
Microsoft Visual Studio Solution File, Format Version 12.00
# Visual Studio Version 16
VisualStudioVersion = 16.0.29911.84
MinimumVisualStudioVersion = 10.0.40219.1
Project("{151D2E53-A2C4-4D7D-83FE-D05416EBD58E}") = "Authoring-ARM", "Authoring-ARM\Authoring-ARM.deployproj", "{96D4AC8F-FEF3-4E6F-B16E-A8141FDAA9C9}"
EndProject
Global
	GlobalSection(SolutionConfigurationPlatforms) = preSolution
		Debug|Any CPU = Debug|Any CPU
		Release|Any CPU = Release|Any CPU
	EndGlobalSection
	GlobalSection(ProjectConfigurationPlatforms) = postSolution
		{96D4AC8F-FEF3-4E6F-B16E-A8141FDAA9C9}.Debug|Any CPU.ActiveCfg = Debug|Any CPU
		{96D4AC8F-FEF3-4E6F-B16E-A8141FDAA9C9}.Debug|Any CPU.Build.0 = Debug|Any CPU
		{96D4AC8F-FEF3-4E6F-B16E-A8141FDAA9C9}.Release|Any CPU.ActiveCfg = Release|Any CPU
		{96D4AC8F-FEF3-4E6F-B16E-A8141FDAA9C9}.Release|Any CPU.Build.0 = Release|Any CPU
	EndGlobalSection
	GlobalSection(SolutionProperties) = preSolution
		HideSolutionNode = FALSE
	EndGlobalSection
	GlobalSection(ExtensibilityGlobals) = postSolution
		SolutionGuid = {8933D8C8-37ED-42CA-B395-6B38482E8B59}
	EndGlobalSection
EndGlobal
